
Microsoft Visual Studio Solution File, Format Version 12.00
# Visual Studio 15
VisualStudioVersion = 15.0.28307.136
MinimumVisualStudioVersion = 10.0.40219.1
Project("{9A19103F-16F7-4668-BE54-9A1E7A4F7556}") = "Plugin.Xamarin.Logging", "Plugin.Xamarin.Logging.csproj", "{620BF521-7FA1-4992-A7D2-B6B9AA92D993}"
EndProject
Project("{FAE04EC0-301F-11D3-BF4B-00C04F79EFBC}") = "Plugin.XFLogger", "Library\Plugin.XFLogger\Plugin.XFLogger.csproj", "{6322F424-A1E0-4C86-920A-527ABBD80C39}"
EndProject
Project("{FAE04EC0-301F-11D3-BF4B-00C04F79EFBC}") = "Plugin.XFLogger.Android", "Library\Plugin.XFLogger.Android\Plugin.XFLogger.Android.csproj", "{56A56F17-7DE1-4CA1-9617-BF32E971AC84}"
EndProject
Project("{FAE04EC0-301F-11D3-BF4B-00C04F79EFBC}") = "Plugin.XFLogger.Abstractions", "Library\Plugin.XFLogger.Abstractions\Plugin.XFLogger.Abstractions.csproj", "{9782096C-14EC-493D-9007-1DCF723E328F}"
EndProject
Project("{FAE04EC0-301F-11D3-BF4B-00C04F79EFBC}") = "Plugin.XFLogger.iOS", "Library\Plugin.XFLogger.iOS\Plugin.XFLogger.iOS.csproj", "{2882AEEB-D4CD-4EB9-8A6C-6653B33681F0}"
EndProject
Global
	GlobalSection(SolutionConfigurationPlatforms) = preSolution
		Debug|Any CPU = Debug|Any CPU
		Release|Any CPU = Release|Any CPU
	EndGlobalSection
	GlobalSection(ProjectConfigurationPlatforms) = postSolution
		{620BF521-7FA1-4992-A7D2-B6B9AA92D993}.Debug|Any CPU.ActiveCfg = Debug|Any CPU
		{620BF521-7FA1-4992-A7D2-B6B9AA92D993}.Debug|Any CPU.Build.0 = Debug|Any CPU
		{620BF521-7FA1-4992-A7D2-B6B9AA92D993}.Release|Any CPU.ActiveCfg = Release|Any CPU
		{620BF521-7FA1-4992-A7D2-B6B9AA92D993}.Release|Any CPU.Build.0 = Release|Any CPU
		{6322F424-A1E0-4C86-920A-527ABBD80C39}.Debug|Any CPU.ActiveCfg = Debug|Any CPU
		{6322F424-A1E0-4C86-920A-527ABBD80C39}.Debug|Any CPU.Build.0 = Debug|Any CPU
		{6322F424-A1E0-4C86-920A-527ABBD80C39}.Release|Any CPU.ActiveCfg = Release|Any CPU
		{6322F424-A1E0-4C86-920A-527ABBD80C39}.Release|Any CPU.Build.0 = Release|Any CPU
		{56A56F17-7DE1-4CA1-9617-BF32E971AC84}.Debug|Any CPU.ActiveCfg = Debug|Any CPU
		{56A56F17-7DE1-4CA1-9617-BF32E971AC84}.Debug|Any CPU.Build.0 = Debug|Any CPU
		{56A56F17-7DE1-4CA1-9617-BF32E971AC84}.Release|Any CPU.ActiveCfg = Release|Any CPU
		{56A56F17-7DE1-4CA1-9617-BF32E971AC84}.Release|Any CPU.Build.0 = Release|Any CPU
		{9782096C-14EC-493D-9007-1DCF723E328F}.Debug|Any CPU.ActiveCfg = Debug|Any CPU
		{9782096C-14EC-493D-9007-1DCF723E328F}.Debug|Any CPU.Build.0 = Debug|Any CPU
		{9782096C-14EC-493D-9007-1DCF723E328F}.Release|Any CPU.ActiveCfg = Release|Any CPU
		{9782096C-14EC-493D-9007-1DCF723E328F}.Release|Any CPU.Build.0 = Release|Any CPU
		{2882AEEB-D4CD-4EB9-8A6C-6653B33681F0}.Debug|Any CPU.ActiveCfg = Debug|Any CPU
		{2882AEEB-D4CD-4EB9-8A6C-6653B33681F0}.Debug|Any CPU.Build.0 = Debug|Any CPU
		{2882AEEB-D4CD-4EB9-8A6C-6653B33681F0}.Release|Any CPU.ActiveCfg = Release|Any CPU
		{2882AEEB-D4CD-4EB9-8A6C-6653B33681F0}.Release|Any CPU.Build.0 = Release|Any CPU
	EndGlobalSection
	GlobalSection(SolutionProperties) = preSolution
		HideSolutionNode = FALSE
	EndGlobalSection
	GlobalSection(ExtensibilityGlobals) = postSolution
		SolutionGuid = {FAA42593-CF91-42DE-B8CA-7CCBB8553A0A}
	EndGlobalSection
EndGlobal
